{
  "name": "llaminator",
  "version": "0.0.1",
  "lockfileVersion": 2,
  "requires": true,
  "packages": {
    "": {
      "version": "0.0.1",
      "license": "Apache-2.0",
      "dependencies": {
        "workbox-routing": "^6.4.1",
        "workbox-strategies": "^6.4.1"
      },
      "devDependencies": {
        "typescript": "^4.5.2"
      }
    },
    "node_modules/typescript": {
      "version": "4.5.2",
      "resolved": "https://registry.npmjs.org/typescript/-/typescript-4.5.2.tgz",
      "integrity": "sha512-5BlMof9H1yGt0P8/WF+wPNw6GfctgGjXp5hkblpyT+8rkASSmkUKMXrxR0Xg8ThVCi/JnHQiKXeBaEwCeQwMFw==",
      "dev": true,
      "bin": {
        "tsc": "bin/tsc",
        "tsserver": "bin/tsserver"
      },
      "engines": {
        "node": ">=4.2.0"
      }
    },
    "node_modules/workbox-core": {
      "version": "6.4.1",
      "resolved": "https://registry.npmjs.org/workbox-core/-/workbox-core-6.4.1.tgz",
      "integrity": "sha512-5hosqpSK+48jHlj+5EHN5dtH1Ade4fqTe4+xX3U9wWK1SDaXEqXpVxdHuBqYfg75UE1PUINA0rhMZWTqeGoLFg=="
    },
    "node_modules/workbox-routing": {
      "version": "6.4.1",
      "resolved": "https://registry.npmjs.org/workbox-routing/-/workbox-routing-6.4.1.tgz",
      "integrity": "sha512-FIy27mwM3WdDASOTMX10OZ8q3Un47ULeDtDrDAKfWYIP/oTF2xoA1/HtXpOjBlyg5VP/poPX5GDojXHXAXpfzQ==",
      "dependencies": {
        "workbox-core": "6.4.1"
      }
    },
    "node_modules/workbox-strategies": {
      "version": "6.4.1",
      "resolved": "https://registry.npmjs.org/workbox-strategies/-/workbox-strategies-6.4.1.tgz",
      "integrity": "sha512-2UQ+7Siy4Z5QG2LebbVhDLmPG3M7bVo/tZqN4LNUGXS6fDlpbTTK6A3Hu0W8gCVwIX0tSg7U3mVhDntH4qt3Dg==",
      "dependencies": {
        "workbox-core": "6.4.1"
      }
    }
  },
  "dependencies": {
    "typescript": {
      "version": "4.5.2",
      "resolved": "https://registry.npmjs.org/typescript/-/typescript-4.5.2.tgz",
      "integrity": "sha512-5BlMof9H1yGt0P8/WF+wPNw6GfctgGjXp5hkblpyT+8rkASSmkUKMXrxR0Xg8ThVCi/JnHQiKXeBaEwCeQwMFw==",
      "dev": true
    },
    "workbox-core": {
      "version": "6.4.1",
      "resolved": "https://registry.npmjs.org/workbox-core/-/workbox-core-6.4.1.tgz",
      "integrity": "sha512-5hosqpSK+48jHlj+5EHN5dtH1Ade4fqTe4+xX3U9wWK1SDaXEqXpVxdHuBqYfg75UE1PUINA0rhMZWTqeGoLFg=="
    },
    "workbox-routing": {
      "version": "6.4.1",
      "resolved": "https://registry.npmjs.org/workbox-routing/-/workbox-routing-6.4.1.tgz",
      "integrity": "sha512-FIy27mwM3WdDASOTMX10OZ8q3Un47ULeDtDrDAKfWYIP/oTF2xoA1/HtXpOjBlyg5VP/poPX5GDojXHXAXpfzQ==",
      "requires": {
        "workbox-core": "6.4.1"
      }
    },
    "workbox-strategies": {
      "version": "6.4.1",
      "resolved": "https://registry.npmjs.org/workbox-strategies/-/workbox-strategies-6.4.1.tgz",
      "integrity": "sha512-2UQ+7Siy4Z5QG2LebbVhDLmPG3M7bVo/tZqN4LNUGXS6fDlpbTTK6A3Hu0W8gCVwIX0tSg7U3mVhDntH4qt3Dg==",
      "requires": {
        "workbox-core": "6.4.1"
      }
    }
  }
}
